
Microsoft Visual Studio Solution File, Format Version 12.00
# Visual Studio Version 17
VisualStudioVersion = 17.11.35312.102
MinimumVisualStudioVersion = 10.0.40219.1
Project("{FAE04EC0-301F-11D3-BF4B-00C04F79EFBC}") = "DewiApp.BL", "DewiApp.BL\DewiApp.BL.csproj", "{B7DF83E2-EB63-4AEF-A8B1-19CD686E3FBB}"
EndProject
Project("{FAE04EC0-301F-11D3-BF4B-00C04F79EFBC}") = "DewiApp.DAL", "DewiApp.DAL\DewiApp.DAL.csproj", "{E057F77A-E361-4DBD-83DD-545E4B23D651}"
EndProject
Project("{FAE04EC0-301F-11D3-BF4B-00C04F79EFBC}") = "DewiApp.MVC", "DewiApp.MVC\DewiApp.MVC.csproj", "{A81347D9-F01E-407D-85F0-49DE661BB5CC}"
EndProject
Global
	GlobalSection(SolutionConfigurationPlatforms) = preSolution
		Debug|Any CPU = Debug|Any CPU
		Release|Any CPU = Release|Any CPU
	EndGlobalSection
	GlobalSection(ProjectConfigurationPlatforms) = postSolution
		{B7DF83E2-EB63-4AEF-A8B1-19CD686E3FBB}.Debug|Any CPU.ActiveCfg = Debug|Any CPU
		{B7DF83E2-EB63-4AEF-A8B1-19CD686E3FBB}.Debug|Any CPU.Build.0 = Debug|Any CPU
		{B7DF83E2-EB63-4AEF-A8B1-19CD686E3FBB}.Release|Any CPU.ActiveCfg = Release|Any CPU
		{B7DF83E2-EB63-4AEF-A8B1-19CD686E3FBB}.Release|Any CPU.Build.0 = Release|Any CPU
		{E057F77A-E361-4DBD-83DD-545E4B23D651}.Debug|Any CPU.ActiveCfg = Debug|Any CPU
		{E057F77A-E361-4DBD-83DD-545E4B23D651}.Debug|Any CPU.Build.0 = Debug|Any CPU
		{E057F77A-E361-4DBD-83DD-545E4B23D651}.Release|Any CPU.ActiveCfg = Release|Any CPU
		{E057F77A-E361-4DBD-83DD-545E4B23D651}.Release|Any CPU.Build.0 = Release|Any CPU
		{A81347D9-F01E-407D-85F0-49DE661BB5CC}.Debug|Any CPU.ActiveCfg = Debug|Any CPU
		{A81347D9-F01E-407D-85F0-49DE661BB5CC}.Debug|Any CPU.Build.0 = Debug|Any CPU
		{A81347D9-F01E-407D-85F0-49DE661BB5CC}.Release|Any CPU.ActiveCfg = Release|Any CPU
		{A81347D9-F01E-407D-85F0-49DE661BB5CC}.Release|Any CPU.Build.0 = Release|Any CPU
	EndGlobalSection
	GlobalSection(SolutionProperties) = preSolution
		HideSolutionNode = FALSE
	EndGlobalSection
	GlobalSection(ExtensibilityGlobals) = postSolution
		SolutionGuid = {F93A376D-97C0-46A5-8121-6582FFD83CEF}
	EndGlobalSection
EndGlobal
